
Microsoft Visual Studio Solution File, Format Version 12.00
# Visual Studio Version 17
VisualStudioVersion = 17.5.002.0
MinimumVisualStudioVersion = 10.0.40219.1
Project("{9A19103F-16F7-4668-BE54-9A1E7A4F7556}") = "MiProyecto", "MiProyecto.csproj", "{A8EDDC63-7EF0-48AF-87C1-01C55340E20B}"
EndProject
Global
	GlobalSection(SolutionConfigurationPlatforms) = preSolution
		Debug|Any CPU = Debug|Any CPU
		Release|Any CPU = Release|Any CPU
	EndGlobalSection
	GlobalSection(ProjectConfigurationPlatforms) = postSolution
		{A8EDDC63-7EF0-48AF-87C1-01C55340E20B}.Debug|Any CPU.ActiveCfg = Debug|Any CPU
		{A8EDDC63-7EF0-48AF-87C1-01C55340E20B}.Debug|Any CPU.Build.0 = Debug|Any CPU
		{A8EDDC63-7EF0-48AF-87C1-01C55340E20B}.Release|Any CPU.ActiveCfg = Release|Any CPU
		{A8EDDC63-7EF0-48AF-87C1-01C55340E20B}.Release|Any CPU.Build.0 = Release|Any CPU
	EndGlobalSection
	GlobalSection(SolutionProperties) = preSolution
		HideSolutionNode = FALSE
	EndGlobalSection
	GlobalSection(ExtensibilityGlobals) = postSolution
		SolutionGuid = {2DA0F95A-2415-42BB-B0BD-6F0E36E6FC2F}
	EndGlobalSection
EndGlobal
